
Microsoft Visual Studio Solution File, Format Version 12.00
# Visual Studio Version 17
VisualStudioVersion = 17.9.34622.214
MinimumVisualStudioVersion = 10.0.40219.1
Project("{FAE04EC0-301F-11D3-BF4B-00C04F79EFBC}") = "Crowd", "Crowd.csproj", "{30A04A6E-8948-4353-882F-D25CC28B2FFA}"
EndProject
Global
	GlobalSection(SolutionConfigurationPlatforms) = preSolution
		Debug|Any CPU = Debug|Any CPU
		Release|Any CPU = Release|Any CPU
	EndGlobalSection
	GlobalSection(ProjectConfigurationPlatforms) = postSolution
		{30A04A6E-8948-4353-882F-D25CC28B2FFA}.Debug|Any CPU.ActiveCfg = Debug|Any CPU
		{30A04A6E-8948-4353-882F-D25CC28B2FFA}.Debug|Any CPU.Build.0 = Debug|Any CPU
		{30A04A6E-8948-4353-882F-D25CC28B2FFA}.Release|Any CPU.ActiveCfg = Release|Any CPU
		{30A04A6E-8948-4353-882F-D25CC28B2FFA}.Release|Any CPU.Build.0 = Release|Any CPU
	EndGlobalSection
	GlobalSection(SolutionProperties) = preSolution
		HideSolutionNode = FALSE
	EndGlobalSection
	GlobalSection(ExtensibilityGlobals) = postSolution
		SolutionGuid = {F1C2AE7E-6454-424D-A298-F07F154C66AF}
	EndGlobalSection
EndGlobal
